// !$*UTF8*$!
{
	archiveVersion = 1;
	classes = {
	};
	objectVersion = 56;
	objects = {

/* Begin PBXBuildFile section */
		EB347AF129A01F98004E2CDD /* SimulatorViewController.swift in Sources */ = {isa = PBXBuildFile; fileRef = EB347AF029A01F98004E2CDD /* SimulatorViewController.swift */; };
		EB347AF429A1863D004E2CDD /* SimulatorModelController.swift in Sources */ = {isa = PBXBuildFile; fileRef = EB347AF329A1863D004E2CDD /* SimulatorModelController.swift */; };
		EB347AF829A1964C004E2CDD /* SystemDataSource.swift in Sources */ = {isa = PBXBuildFile; fileRef = EB347AF729A1964C004E2CDD /* SystemDataSource.swift */; };
		EB769C15299EE4B70094CDD0 /* AppDelegate.swift in Sources */ = {isa = PBXBuildFile; fileRef = EB769C14299EE4B70094CDD0 /* AppDelegate.swift */; };
		EB769C17299EE4B70094CDD0 /* SceneDelegate.swift in Sources */ = {isa = PBXBuildFile; fileRef = EB769C16299EE4B70094CDD0 /* SceneDelegate.swift */; };
		EB769C1C299EE4B70094CDD0 /* Main.storyboard in Resources */ = {isa = PBXBuildFile; fileRef = EB769C1A299EE4B70094CDD0 /* Main.storyboard */; };
		EB769C1E299EE4B90094CDD0 /* Assets.xcassets in Resources */ = {isa = PBXBuildFile; fileRef = EB769C1D299EE4B90094CDD0 /* Assets.xcassets */; };
		EB769C21299EE4B90094CDD0 /* LaunchScreen.storyboard in Resources */ = {isa = PBXBuildFile; fileRef = EB769C1F299EE4B90094CDD0 /* LaunchScreen.storyboard */; };
		EB769C2D29A00A7E0094CDD0 /* FormulaResources.storyboard in Resources */ = {isa = PBXBuildFile; fileRef = EB769C2B29A00A7E0094CDD0 /* FormulaResources.storyboard */; };
		EB769C2F29A00AA40094CDD0 /* Simulator.storyboard in Resources */ = {isa = PBXBuildFile; fileRef = EB769C2E29A00AA40094CDD0 /* Simulator.storyboard */; };
		EBE875AC29A315C200771419 /* ResourcesViewController.swift in Sources */ = {isa = PBXBuildFile; fileRef = EBE875AB29A315C200771419 /* ResourcesViewController.swift */; };
		EBE875AE29A3160800771419 /* ResourcesModelController.swift in Sources */ = {isa = PBXBuildFile; fileRef = EBE875AD29A3160800771419 /* ResourcesModelController.swift */; };
		EBE875B029A3249D00771419 /* CollectorParametersTableViewCell.swift in Sources */ = {isa = PBXBuildFile; fileRef = EBE875AF29A3249D00771419 /* CollectorParametersTableViewCell.swift */; };
		EBE875B329A324CF00771419 /* CollectorPositionTableViewCell.swift in Sources */ = {isa = PBXBuildFile; fileRef = EBE875B229A324CF00771419 /* CollectorPositionTableViewCell.swift */; };
		EBE875B529A324E100771419 /* OvershadingTableViewCell.swift in Sources */ = {isa = PBXBuildFile; fileRef = EBE875B429A324E100771419 /* OvershadingTableViewCell.swift */; };
		EBF6E58F29A2D73700324EF3 /* UnitConversion.swift in Sources */ = {isa = PBXBuildFile; fileRef = EBF6E58E29A2D73700324EF3 /* UnitConversion.swift */; };
/* End PBXBuildFile section */

/* Begin PBXFileReference section */
		EB347AF029A01F98004E2CDD /* SimulatorViewController.swift */ = {isa = PBXFileReference; lastKnownFileType = sourcecode.swift; path = SimulatorViewController.swift; sourceTree = "<group>"; };
		EB347AF329A1863D004E2CDD /* SimulatorModelController.swift */ = {isa = PBXFileReference; lastKnownFileType = sourcecode.swift; path = SimulatorModelController.swift; sourceTree = "<group>"; };
		EB347AF729A1964C004E2CDD /* SystemDataSource.swift */ = {isa = PBXFileReference; lastKnownFileType = sourcecode.swift; path = SystemDataSource.swift; sourceTree = "<group>"; };
		EB769C11299EE4B70094CDD0 /* SolarThermalSystem.app */ = {isa = PBXFileReference; explicitFileType = wrapper.application; includeInIndex = 0; path = SolarThermalSystem.app; sourceTree = BUILT_PRODUCTS_DIR; };
		EB769C14299EE4B70094CDD0 /* AppDelegate.swift */ = {isa = PBXFileReference; lastKnownFileType = sourcecode.swift; path = AppDelegate.swift; sourceTree = "<group>"; };
		EB769C16299EE4B70094CDD0 /* SceneDelegate.swift */ = {isa = PBXFileReference; lastKnownFileType = sourcecode.swift; path = SceneDelegate.swift; sourceTree = "<group>"; };
		EB769C1B299EE4B70094CDD0 /* Base */ = {isa = PBXFileReference; lastKnownFileType = file.storyboard; name = Base; path = Base.lproj/Main.storyboard; sourceTree = "<group>"; };
		EB769C1D299EE4B90094CDD0 /* Assets.xcassets */ = {isa = PBXFileReference; lastKnownFileType = folder.assetcatalog; path = Assets.xcassets; sourceTree = "<group>"; };
		EB769C20299EE4B90094CDD0 /* Base */ = {isa = PBXFileReference; lastKnownFileType = file.storyboard; name = Base; path = Base.lproj/LaunchScreen.storyboard; sourceTree = "<group>"; };
		EB769C22299EE4B90094CDD0 /* Info.plist */ = {isa = PBXFileReference; lastKnownFileType = text.plist.xml; path = Info.plist; sourceTree = "<group>"; };
		EB769C2C29A00A7E0094CDD0 /* Base */ = {isa = PBXFileReference; lastKnownFileType = file.storyboard; name = Base; path = SolarThermalSystem/Base.lproj/FormulaResources.storyboard; sourceTree = "<group>"; };
		EB769C2E29A00AA40094CDD0 /* Simulator.storyboard */ = {isa = PBXFileReference; fileEncoding = 4; lastKnownFileType = file.storyboard; path = Simulator.storyboard; sourceTree = "<group>"; };
		EBE875AB29A315C200771419 /* ResourcesViewController.swift */ = {isa = PBXFileReference; lastKnownFileType = sourcecode.swift; path = ResourcesViewController.swift; sourceTree = "<group>"; };
		EBE875AD29A3160800771419 /* ResourcesModelController.swift */ = {isa = PBXFileReference; lastKnownFileType = sourcecode.swift; path = ResourcesModelController.swift; sourceTree = "<group>"; };
		EBE875AF29A3249D00771419 /* CollectorParametersTableViewCell.swift */ = {isa = PBXFileReference; lastKnownFileType = sourcecode.swift; path = CollectorParametersTableViewCell.swift; sourceTree = "<group>"; };
		EBE875B229A324CF00771419 /* CollectorPositionTableViewCell.swift */ = {isa = PBXFileReference; lastKnownFileType = sourcecode.swift; path = CollectorPositionTableViewCell.swift; sourceTree = "<group>"; };
		EBE875B429A324E100771419 /* OvershadingTableViewCell.swift */ = {isa = PBXFileReference; lastKnownFileType = sourcecode.swift; path = OvershadingTableViewCell.swift; sourceTree = "<group>"; };
		EBF6E58E29A2D73700324EF3 /* UnitConversion.swift */ = {isa = PBXFileReference; lastKnownFileType = sourcecode.swift; path = UnitConversion.swift; sourceTree = "<group>"; };
/* End PBXFileReference section */

/* Begin PBXFrameworksBuildPhase section */
		EB769C0E299EE4B70094CDD0 /* Frameworks */ = {
			isa = PBXFrameworksBuildPhase;
			buildActionMask = 2147483647;
			files = (
			);
			runOnlyForDeploymentPostprocessing = 0;
		};
/* End PBXFrameworksBuildPhase section */

/* Begin PBXGroup section */
		EB347AEC29A01888004E2CDD /* Simulator */ = {
			isa = PBXGroup;
			children = (
				EB769C2E29A00AA40094CDD0 /* Simulator.storyboard */,
				EB347AF029A01F98004E2CDD /* SimulatorViewController.swift */,
				EB347AF329A1863D004E2CDD /* SimulatorModelController.swift */,
			);
			path = Simulator;
			sourceTree = "<group>";
		};
		EB347AED29A01890004E2CDD /* Formula Resources */ = {
			isa = PBXGroup;
			children = (
				EB769C2B29A00A7E0094CDD0 /* FormulaResources.storyboard */,
				EBE875AB29A315C200771419 /* ResourcesViewController.swift */,
				EBE875AD29A3160800771419 /* ResourcesModelController.swift */,
				EBE875B129A324A500771419 /* Custom Cells */,
			);
			path = "Formula Resources";
			sourceTree = "<group>";
		};
		EB347AF229A1847F004E2CDD /* Models */ = {
			isa = PBXGroup;
			children = (
				EB347AF729A1964C004E2CDD /* SystemDataSource.swift */,
			);
			path = Models;
			sourceTree = "<group>";
		};
		EB769C08299EE4B70094CDD0 = {
			isa = PBXGroup;
			children = (
				EB769C13299EE4B70094CDD0 /* SolarThermalSystem */,
				EB769C12299EE4B70094CDD0 /* Products */,
			);
			sourceTree = "<group>";
		};
		EB769C12299EE4B70094CDD0 /* Products */ = {
			isa = PBXGroup;
			children = (
				EB769C11299EE4B70094CDD0 /* SolarThermalSystem.app */,
			);
			name = Products;
			sourceTree = "<group>";
		};
		EB769C13299EE4B70094CDD0 /* SolarThermalSystem */ = {
			isa = PBXGroup;
			children = (
				EB769C1A299EE4B70094CDD0 /* Main.storyboard */,
				EB347AF229A1847F004E2CDD /* Models */,
				EB347AEC29A01888004E2CDD /* Simulator */,
				EB347AED29A01890004E2CDD /* Formula Resources */,
				EB769C28299EE76A0094CDD0 /* Resources */,
				EBF6E59029A2D73C00324EF3 /* Extensions */,
			);
			path = SolarThermalSystem;
			sourceTree = "<group>";
		};
		EB769C28299EE76A0094CDD0 /* Resources */ = {
			isa = PBXGroup;
			children = (
				EB769C14299EE4B70094CDD0 /* AppDelegate.swift */,
				EB769C16299EE4B70094CDD0 /* SceneDelegate.swift */,
				EB769C1D299EE4B90094CDD0 /* Assets.xcassets */,
				EB769C1F299EE4B90094CDD0 /* LaunchScreen.storyboard */,
				EB769C22299EE4B90094CDD0 /* Info.plist */,
			);
			path = Resources;
			sourceTree = "<group>";
		};
		EBE875B129A324A500771419 /* Custom Cells */ = {
			isa = PBXGroup;
			children = (
				EBE875AF29A3249D00771419 /* CollectorParametersTableViewCell.swift */,
				EBE875B229A324CF00771419 /* CollectorPositionTableViewCell.swift */,
				EBE875B429A324E100771419 /* OvershadingTableViewCell.swift */,
			);
			path = "Custom Cells";
			sourceTree = "<group>";
		};
		EBF6E59029A2D73C00324EF3 /* Extensions */ = {
			isa = PBXGroup;
			children = (
				EBF6E58E29A2D73700324EF3 /* UnitConversion.swift */,
			);
			path = Extensions;
			sourceTree = "<group>";
		};
/* End PBXGroup section */

/* Begin PBXNativeTarget section */
		EB769C10299EE4B70094CDD0 /* SolarThermalSystem */ = {
			isa = PBXNativeTarget;
			buildConfigurationList = EB769C25299EE4B90094CDD0 /* Build configuration list for PBXNativeTarget "SolarThermalSystem" */;
			buildPhases = (
				EB769C0D299EE4B70094CDD0 /* Sources */,
				EB769C0E299EE4B70094CDD0 /* Frameworks */,
				EB769C0F299EE4B70094CDD0 /* Resources */,
			);
			buildRules = (
			);
			dependencies = (
			);
			name = SolarThermalSystem;
			productName = SolarThermalSystem;
			productReference = EB769C11299EE4B70094CDD0 /* SolarThermalSystem.app */;
			productType = "com.apple.product-type.application";
		};
/* End PBXNativeTarget section */

/* Begin PBXProject section */
		EB769C09299EE4B70094CDD0 /* Project object */ = {
			isa = PBXProject;
			attributes = {
				BuildIndependentTargetsInParallel = 1;
				LastSwiftUpdateCheck = 1420;
				LastUpgradeCheck = 1420;
				TargetAttributes = {
					EB769C10299EE4B70094CDD0 = {
						CreatedOnToolsVersion = 14.2;
					};
				};
			};
			buildConfigurationList = EB769C0C299EE4B70094CDD0 /* Build configuration list for PBXProject "SolarThermalSystem" */;
			compatibilityVersion = "Xcode 14.0";
			developmentRegion = en;
			hasScannedForEncodings = 0;
			knownRegions = (
				en,
				Base,
			);
			mainGroup = EB769C08299EE4B70094CDD0;
			productRefGroup = EB769C12299EE4B70094CDD0 /* Products */;
			projectDirPath = "";
			projectRoot = "";
			targets = (
				EB769C10299EE4B70094CDD0 /* SolarThermalSystem */,
			);
		};
/* End PBXProject section */

/* Begin PBXResourcesBuildPhase section */
		EB769C0F299EE4B70094CDD0 /* Resources */ = {
			isa = PBXResourcesBuildPhase;
			buildActionMask = 2147483647;
			files = (
				EB769C2F29A00AA40094CDD0 /* Simulator.storyboard in Resources */,
				EB769C21299EE4B90094CDD0 /* LaunchScreen.storyboard in Resources */,
				EB769C1E299EE4B90094CDD0 /* Assets.xcassets in Resources */,
				EB769C1C299EE4B70094CDD0 /* Main.storyboard in Resources */,
				EB769C2D29A00A7E0094CDD0 /* FormulaResources.storyboard in Resources */,
			);
			runOnlyForDeploymentPostprocessing = 0;
		};
/* End PBXResourcesBuildPhase section */

/* Begin PBXSourcesBuildPhase section */
		EB769C0D299EE4B70094CDD0 /* Sources */ = {
			isa = PBXSourcesBuildPhase;
			buildActionMask = 2147483647;
			files = (
				EB769C15299EE4B70094CDD0 /* AppDelegate.swift in Sources */,
				EBE875AE29A3160800771419 /* ResourcesModelController.swift in Sources */,
				EB347AF429A1863D004E2CDD /* SimulatorModelController.swift in Sources */,
				EB769C17299EE4B70094CDD0 /* SceneDelegate.swift in Sources */,
				EBE875AC29A315C200771419 /* ResourcesViewController.swift in Sources */,
				EB347AF129A01F98004E2CDD /* SimulatorViewController.swift in Sources */,
				EBE875B529A324E100771419 /* OvershadingTableViewCell.swift in Sources */,
				EBE875B329A324CF00771419 /* CollectorPositionTableViewCell.swift in Sources */,
				EBE875B029A3249D00771419 /* CollectorParametersTableViewCell.swift in Sources */,
				EB347AF829A1964C004E2CDD /* SystemDataSource.swift in Sources */,
				EBF6E58F29A2D73700324EF3 /* UnitConversion.swift in Sources */,
			);
			runOnlyForDeploymentPostprocessing = 0;
		};
/* End PBXSourcesBuildPhase section */

/* Begin PBXVariantGroup section */
		EB769C1A299EE4B70094CDD0 /* Main.storyboard */ = {
			isa = PBXVariantGroup;
			children = (
				EB769C1B299EE4B70094CDD0 /* Base */,
			);
			name = Main.storyboard;
			sourceTree = "<group>";
		};
		EB769C1F299EE4B90094CDD0 /* LaunchScreen.storyboard */ = {
			isa = PBXVariantGroup;
			children = (
				EB769C20299EE4B90094CDD0 /* Base */,
			);
			name = LaunchScreen.storyboard;
			sourceTree = "<group>";
		};
		EB769C2B29A00A7E0094CDD0 /* FormulaResources.storyboard */ = {
			isa = PBXVariantGroup;
			children = (
				EB769C2C29A00A7E0094CDD0 /* Base */,
			);
			name = FormulaResources.storyboard;
			sourceTree = "<group>";
		};
/* End PBXVariantGroup section */

/* Begin XCBuildConfiguration section */
		EB769C23299EE4B90094CDD0 /* Debug */ = {
			isa = XCBuildConfiguration;
			buildSettings = {
				ALWAYS_SEARCH_USER_PATHS = NO;
				CLANG_ANALYZER_NONNULL = YES;
				CLANG_ANALYZER_NUMBER_OBJECT_CONVERSION = YES_AGGRESSIVE;
				CLANG_CXX_LANGUAGE_STANDARD = "gnu++20";
				CLANG_ENABLE_MODULES = YES;
				CLANG_ENABLE_OBJC_ARC = YES;
				CLANG_ENABLE_OBJC_WEAK = YES;
				CLANG_WARN_BLOCK_CAPTURE_AUTORELEASING = YES;
				CLANG_WARN_BOOL_CONVERSION = YES;
				CLANG_WARN_COMMA = YES;
				CLANG_WARN_CONSTANT_CONVERSION = YES;
				CLANG_WARN_DEPRECATED_OBJC_IMPLEMENTATIONS = YES;
				CLANG_WARN_DIRECT_OBJC_ISA_USAGE = YES_ERROR;
				CLANG_WARN_DOCUMENTATION_COMMENTS = YES;
				CLANG_WARN_EMPTY_BODY = YES;
				CLANG_WARN_ENUM_CONVERSION = YES;
				CLANG_WARN_INFINITE_RECURSION = YES;
				CLANG_WARN_INT_CONVERSION = YES;
				CLANG_WARN_NON_LITERAL_NULL_CONVERSION = YES;
				CLANG_WARN_OBJC_IMPLICIT_RETAIN_SELF = YES;
				CLANG_WARN_OBJC_LITERAL_CONVERSION = YES;
				CLANG_WARN_OBJC_ROOT_CLASS = YES_ERROR;
				CLANG_WARN_QUOTED_INCLUDE_IN_FRAMEWORK_HEADER = YES;
				CLANG_WARN_RANGE_LOOP_ANALYSIS = YES;
				CLANG_WARN_STRICT_PROTOTYPES = YES;
				CLANG_WARN_SUSPICIOUS_MOVE = YES;
				CLANG_WARN_UNGUARDED_AVAILABILITY = YES_AGGRESSIVE;
				CLANG_WARN_UNREACHABLE_CODE = YES;
				CLANG_WARN__DUPLICATE_METHOD_MATCH = YES;
				COPY_PHASE_STRIP = NO;
				DEBUG_INFORMATION_FORMAT = dwarf;
				ENABLE_STRICT_OBJC_MSGSEND = YES;
				ENABLE_TESTABILITY = YES;
				GCC_C_LANGUAGE_STANDARD = gnu11;
				GCC_DYNAMIC_NO_PIC = NO;
				GCC_NO_COMMON_BLOCKS = YES;
				GCC_OPTIMIZATION_LEVEL = 0;
				GCC_PREPROCESSOR_DEFINITIONS = (
					"DEBUG=1",
					"$(inherited)",
				);
				GCC_WARN_64_TO_32_BIT_CONVERSION = YES;
				GCC_WARN_ABOUT_RETURN_TYPE = YES_ERROR;
				GCC_WARN_UNDECLARED_SELECTOR = YES;
				GCC_WARN_UNINITIALIZED_AUTOS = YES_AGGRESSIVE;
				GCC_WARN_UNUSED_FUNCTION = YES;
				GCC_WARN_UNUSED_VARIABLE = YES;
				IPHONEOS_DEPLOYMENT_TARGET = 16.2;
				MTL_ENABLE_DEBUG_INFO = INCLUDE_SOURCE;
				MTL_FAST_MATH = YES;
				ONLY_ACTIVE_ARCH = YES;
				SDKROOT = iphoneos;
				SWIFT_ACTIVE_COMPILATION_CONDITIONS = DEBUG;
				SWIFT_OPTIMIZATION_LEVEL = "-Onone";
			};
			name = Debug;
		};
		EB769C24299EE4B90094CDD0 /* Release */ = {
			isa = XCBuildConfiguration;
			buildSettings = {
				ALWAYS_SEARCH_USER_PATHS = NO;
				CLANG_ANALYZER_NONNULL = YES;
				CLANG_ANALYZER_NUMBER_OBJECT_CONVERSION = YES_AGGRESSIVE;
				CLANG_CXX_LANGUAGE_STANDARD = "gnu++20";
				CLANG_ENABLE_MODULES = YES;
				CLANG_ENABLE_OBJC_ARC = YES;
				CLANG_ENABLE_OBJC_WEAK = YES;
				CLANG_WARN_BLOCK_CAPTURE_AUTORELEASING = YES;
				CLANG_WARN_BOOL_CONVERSION = YES;
				CLANG_WARN_COMMA = YES;
				CLANG_WARN_CONSTANT_CONVERSION = YES;
				CLANG_WARN_DEPRECATED_OBJC_IMPLEMENTATIONS = YES;
				CLANG_WARN_DIRECT_OBJC_ISA_USAGE = YES_ERROR;
				CLANG_WARN_DOCUMENTATION_COMMENTS = YES;
				CLANG_WARN_EMPTY_BODY = YES;
				CLANG_WARN_ENUM_CONVERSION = YES;
				CLANG_WARN_INFINITE_RECURSION = YES;
				CLANG_WARN_INT_CONVERSION = YES;
				CLANG_WARN_NON_LITERAL_NULL_CONVERSION = YES;
				CLANG_WARN_OBJC_IMPLICIT_RETAIN_SELF = YES;
				CLANG_WARN_OBJC_LITERAL_CONVERSION = YES;
				CLANG_WARN_OBJC_ROOT_CLASS = YES_ERROR;
				CLANG_WARN_QUOTED_INCLUDE_IN_FRAMEWORK_HEADER = YES;
				CLANG_WARN_RANGE_LOOP_ANALYSIS = YES;
				CLANG_WARN_STRICT_PROTOTYPES = YES;
				CLANG_WARN_SUSPICIOUS_MOVE = YES;
				CLANG_WARN_UNGUARDED_AVAILABILITY = YES_AGGRESSIVE;
				CLANG_WARN_UNREACHABLE_CODE = YES;
				CLANG_WARN__DUPLICATE_METHOD_MATCH = YES;
				COPY_PHASE_STRIP = NO;
				DEBUG_INFORMATION_FORMAT = "dwarf-with-dsym";
				ENABLE_NS_ASSERTIONS = NO;
				ENABLE_STRICT_OBJC_MSGSEND = YES;
				GCC_C_LANGUAGE_STANDARD = gnu11;
				GCC_NO_COMMON_BLOCKS = YES;
				GCC_WARN_64_TO_32_BIT_CONVERSION = YES;
				GCC_WARN_ABOUT_RETURN_TYPE = YES_ERROR;
				GCC_WARN_UNDECLARED_SELECTOR = YES;
				GCC_WARN_UNINITIALIZED_AUTOS = YES_AGGRESSIVE;
				GCC_WARN_UNUSED_FUNCTION = YES;
				GCC_WARN_UNUSED_VARIABLE = YES;
				IPHONEOS_DEPLOYMENT_TARGET = 16.2;
				MTL_ENABLE_DEBUG_INFO = NO;
				MTL_FAST_MATH = YES;
				SDKROOT = iphoneos;
				SWIFT_COMPILATION_MODE = wholemodule;
				SWIFT_OPTIMIZATION_LEVEL = "-O";
				VALIDATE_PRODUCT = YES;
			};
			name = Release;
		};
		EB769C26299EE4B90094CDD0 /* Debug */ = {
			isa = XCBuildConfiguration;
			buildSettings = {
				ASSETCATALOG_COMPILER_APPICON_NAME = AppIcon;
				ASSETCATALOG_COMPILER_GLOBAL_ACCENT_COLOR_NAME = AccentColor;
				CODE_SIGN_STYLE = Automatic;
				CURRENT_PROJECT_VERSION = 1;
				GENERATE_INFOPLIST_FILE = YES;
				INFOPLIST_FILE = SolarThermalSystem/Resources/Info.plist;
				INFOPLIST_KEY_UIApplicationSupportsIndirectInputEvents = YES;
				INFOPLIST_KEY_UILaunchStoryboardName = LaunchScreen;
				INFOPLIST_KEY_UIMainStoryboardFile = Main;
				INFOPLIST_KEY_UISupportedInterfaceOrientations_iPad = "UIInterfaceOrientationPortrait UIInterfaceOrientationPortraitUpsideDown UIInterfaceOrientationLandscapeLeft UIInterfaceOrientationLandscapeRight";
				INFOPLIST_KEY_UISupportedInterfaceOrientations_iPhone = "UIInterfaceOrientationPortrait UIInterfaceOrientationLandscapeLeft UIInterfaceOrientationLandscapeRight";
				LD_RUNPATH_SEARCH_PATHS = (
					"$(inherited)",
					"@executable_path/Frameworks",
				);
				MARKETING_VERSION = 1.0;
				PRODUCT_BUNDLE_IDENTIFIER = com.hallsArchitecture.SolarThermalSystem;
				PRODUCT_NAME = "$(TARGET_NAME)";
				SWIFT_EMIT_LOC_STRINGS = YES;
				SWIFT_VERSION = 5.0;
				TARGETED_DEVICE_FAMILY = "1,2";
			};
			name = Debug;
		};
		EB769C27299EE4B90094CDD0 /* Release */ = {
			isa = XCBuildConfiguration;
			buildSettings = {
				ASSETCATALOG_COMPILER_APPICON_NAME = AppIcon;
				ASSETCATALOG_COMPILER_GLOBAL_ACCENT_COLOR_NAME = AccentColor;
				CODE_SIGN_STYLE = Automatic;
				CURRENT_PROJECT_VERSION = 1;
				GENERATE_INFOPLIST_FILE = YES;
				INFOPLIST_FILE = SolarThermalSystem/Resources/Info.plist;
				INFOPLIST_KEY_UIApplicationSupportsIndirectInputEvents = YES;
				INFOPLIST_KEY_UILaunchStoryboardName = LaunchScreen;
				INFOPLIST_KEY_UIMainStoryboardFile = Main;
				INFOPLIST_KEY_UISupportedInterfaceOrientations_iPad = "UIInterfaceOrientationPortrait UIInterfaceOrientationPortraitUpsideDown UIInterfaceOrientationLandscapeLeft UIInterfaceOrientationLandscapeRight";
				INFOPLIST_KEY_UISupportedInterfaceOrientations_iPhone = "UIInterfaceOrientationPortrait UIInterfaceOrientationLandscapeLeft UIInterfaceOrientationLandscapeRight";
				LD_RUNPATH_SEARCH_PATHS = (
					"$(inherited)",
					"@executable_path/Frameworks",
				);
				MARKETING_VERSION = 1.0;
				PRODUCT_BUNDLE_IDENTIFIER = com.hallsArchitecture.SolarThermalSystem;
				PRODUCT_NAME = "$(TARGET_NAME)";
				SWIFT_EMIT_LOC_STRINGS = YES;
				SWIFT_VERSION = 5.0;
				TARGETED_DEVICE_FAMILY = "1,2";
			};
			name = Release;
		};
/* End XCBuildConfiguration section */

/* Begin XCConfigurationList section */
		EB769C0C299EE4B70094CDD0 /* Build configuration list for PBXProject "SolarThermalSystem" */ = {
			isa = XCConfigurationList;
			buildConfigurations = (
				EB769C23299EE4B90094CDD0 /* Debug */,
				EB769C24299EE4B90094CDD0 /* Release */,
			);
			defaultConfigurationIsVisible = 0;
			defaultConfigurationName = Release;
		};
		EB769C25299EE4B90094CDD0 /* Build configuration list for PBXNativeTarget "SolarThermalSystem" */ = {
			isa = XCConfigurationList;
			buildConfigurations = (
				EB769C26299EE4B90094CDD0 /* Debug */,
				EB769C27299EE4B90094CDD0 /* Release */,
			);
			defaultConfigurationIsVisible = 0;
			defaultConfigurationName = Release;
		};
/* End XCConfigurationList section */
	};
	rootObject = EB769C09299EE4B70094CDD0 /* Project object */;
}
